
Microsoft Visual Studio Solution File, Format Version 12.00
# Visual Studio Version 17
VisualStudioVersion = 17.3.32825.248
MinimumVisualStudioVersion = 10.0.40219.1
Project("{FAE04EC0-301F-11D3-BF4B-00C04F79EFBC}") = "PresentationLayer", "PresentationLayer\PresentationLayer.csproj", "{71312238-A2B0-4F20-9EA5-3F0676917AD9}"
EndProject
Project("{FAE04EC0-301F-11D3-BF4B-00C04F79EFBC}") = "CommonLayer", "CommonLayer\CommonLayer.csproj", "{66340567-B868-45A4-A609-2B1C3A9DD23E}"
EndProject
Project("{FAE04EC0-301F-11D3-BF4B-00C04F79EFBC}") = "BusinessLayer", "BusinessLayer\BusinessLayer.csproj", "{7157DCA5-0FEE-4CAB-8F2D-D2B566E47F90}"
EndProject
Project("{FAE04EC0-301F-11D3-BF4B-00C04F79EFBC}") = "DataLayer", "DataLayer\DataLayer.csproj", "{C78CD1B0-0499-4779-8BF3-4707ED2C8B96}"
EndProject
Project("{FAE04EC0-301F-11D3-BF4B-00C04F79EFBC}") = "Entities", "Entities\Entities.csproj", "{8BD19096-DA8B-442C-9ED1-A49D0193C756}"
EndProject
Global
	GlobalSection(SolutionConfigurationPlatforms) = preSolution
		Debug|Any CPU = Debug|Any CPU
		Release|Any CPU = Release|Any CPU
	EndGlobalSection
	GlobalSection(ProjectConfigurationPlatforms) = postSolution
		{71312238-A2B0-4F20-9EA5-3F0676917AD9}.Debug|Any CPU.ActiveCfg = Debug|Any CPU
		{71312238-A2B0-4F20-9EA5-3F0676917AD9}.Debug|Any CPU.Build.0 = Debug|Any CPU
		{71312238-A2B0-4F20-9EA5-3F0676917AD9}.Release|Any CPU.ActiveCfg = Release|Any CPU
		{71312238-A2B0-4F20-9EA5-3F0676917AD9}.Release|Any CPU.Build.0 = Release|Any CPU
		{66340567-B868-45A4-A609-2B1C3A9DD23E}.Debug|Any CPU.ActiveCfg = Debug|Any CPU
		{66340567-B868-45A4-A609-2B1C3A9DD23E}.Debug|Any CPU.Build.0 = Debug|Any CPU
		{66340567-B868-45A4-A609-2B1C3A9DD23E}.Release|Any CPU.ActiveCfg = Release|Any CPU
		{66340567-B868-45A4-A609-2B1C3A9DD23E}.Release|Any CPU.Build.0 = Release|Any CPU
		{7157DCA5-0FEE-4CAB-8F2D-D2B566E47F90}.Debug|Any CPU.ActiveCfg = Debug|Any CPU
		{7157DCA5-0FEE-4CAB-8F2D-D2B566E47F90}.Debug|Any CPU.Build.0 = Debug|Any CPU
		{7157DCA5-0FEE-4CAB-8F2D-D2B566E47F90}.Release|Any CPU.ActiveCfg = Release|Any CPU
		{7157DCA5-0FEE-4CAB-8F2D-D2B566E47F90}.Release|Any CPU.Build.0 = Release|Any CPU
		{C78CD1B0-0499-4779-8BF3-4707ED2C8B96}.Debug|Any CPU.ActiveCfg = Debug|Any CPU
		{C78CD1B0-0499-4779-8BF3-4707ED2C8B96}.Debug|Any CPU.Build.0 = Debug|Any CPU
		{C78CD1B0-0499-4779-8BF3-4707ED2C8B96}.Release|Any CPU.ActiveCfg = Release|Any CPU
		{C78CD1B0-0499-4779-8BF3-4707ED2C8B96}.Release|Any CPU.Build.0 = Release|Any CPU
		{8BD19096-DA8B-442C-9ED1-A49D0193C756}.Debug|Any CPU.ActiveCfg = Debug|Any CPU
		{8BD19096-DA8B-442C-9ED1-A49D0193C756}.Debug|Any CPU.Build.0 = Debug|Any CPU
		{8BD19096-DA8B-442C-9ED1-A49D0193C756}.Release|Any CPU.ActiveCfg = Release|Any CPU
		{8BD19096-DA8B-442C-9ED1-A49D0193C756}.Release|Any CPU.Build.0 = Release|Any CPU
	EndGlobalSection
	GlobalSection(SolutionProperties) = preSolution
		HideSolutionNode = FALSE
	EndGlobalSection
	GlobalSection(ExtensibilityGlobals) = postSolution
		SolutionGuid = {65444CD7-A704-4FE0-9C57-FA6201D2A306}
	EndGlobalSection
EndGlobal
